{
	"name": "wmnp",
	"version": "1.0.0",
	"lockfileVersion": 3,
	"requires": true,
	"packages": {
		"": {
			"name": "wmnp",
			"version": "1.0.0",
			"hasInstallScript": true,
			"license": "MIT",
			"dependencies": {
				"node-addon-api": "^8.3.0"
			},
			"devDependencies": {}
		},
		"node_modules/node-addon-api": {
			"version": "8.3.0",
			"resolved": "https://registry.npmjs.org/node-addon-api/-/node-addon-api-8.3.0.tgz",
			"integrity": "sha512-8VOpLHFrOQlAH+qA0ZzuGRlALRA6/LVh8QJldbrC4DY0hXoMP0l4Acq8TzFC018HztWiRqyCEj2aTWY2UvnJUg==",
			"license": "MIT",
			"engines": {
				"node": "^18 || ^20 || >= 21"
			}
		}
	}
}
